
Microsoft Visual Studio Solution File, Format Version 12.00
Project("{FAE04EC0-301F-11D3-BF4B-00C04F79EFBC}") = "UI.CA", "UI.CA\UI.CA.csproj", "{A90587A4-206B-4A08-A7C3-1ED2570F730B}"
EndProject
Project("{FAE04EC0-301F-11D3-BF4B-00C04F79EFBC}") = "Domain", "Domain\Domain.csproj", "{A0A84285-785E-4799-BDEA-C2BDE4CE4A7F}"
EndProject
Project("{FAE04EC0-301F-11D3-BF4B-00C04F79EFBC}") = "DAL", "DAL\DAL.csproj", "{5EE97CC3-026A-429E-95B9-868BF546B641}"
EndProject
Project("{FAE04EC0-301F-11D3-BF4B-00C04F79EFBC}") = "BL", "BL\BL.csproj", "{C4AB109B-F3FC-42D6-B95D-40BF04B2B61B}"
EndProject
Global
	GlobalSection(SolutionConfigurationPlatforms) = preSolution
		Debug|Any CPU = Debug|Any CPU
		Release|Any CPU = Release|Any CPU
	EndGlobalSection
	GlobalSection(ProjectConfigurationPlatforms) = postSolution
		{A90587A4-206B-4A08-A7C3-1ED2570F730B}.Debug|Any CPU.ActiveCfg = Debug|Any CPU
		{A90587A4-206B-4A08-A7C3-1ED2570F730B}.Debug|Any CPU.Build.0 = Debug|Any CPU
		{A90587A4-206B-4A08-A7C3-1ED2570F730B}.Release|Any CPU.ActiveCfg = Release|Any CPU
		{A90587A4-206B-4A08-A7C3-1ED2570F730B}.Release|Any CPU.Build.0 = Release|Any CPU
		{A0A84285-785E-4799-BDEA-C2BDE4CE4A7F}.Debug|Any CPU.ActiveCfg = Debug|Any CPU
		{A0A84285-785E-4799-BDEA-C2BDE4CE4A7F}.Debug|Any CPU.Build.0 = Debug|Any CPU
		{A0A84285-785E-4799-BDEA-C2BDE4CE4A7F}.Release|Any CPU.ActiveCfg = Release|Any CPU
		{A0A84285-785E-4799-BDEA-C2BDE4CE4A7F}.Release|Any CPU.Build.0 = Release|Any CPU
		{5EE97CC3-026A-429E-95B9-868BF546B641}.Debug|Any CPU.ActiveCfg = Debug|Any CPU
		{5EE97CC3-026A-429E-95B9-868BF546B641}.Debug|Any CPU.Build.0 = Debug|Any CPU
		{5EE97CC3-026A-429E-95B9-868BF546B641}.Release|Any CPU.ActiveCfg = Release|Any CPU
		{5EE97CC3-026A-429E-95B9-868BF546B641}.Release|Any CPU.Build.0 = Release|Any CPU
		{C4AB109B-F3FC-42D6-B95D-40BF04B2B61B}.Debug|Any CPU.ActiveCfg = Debug|Any CPU
		{C4AB109B-F3FC-42D6-B95D-40BF04B2B61B}.Debug|Any CPU.Build.0 = Debug|Any CPU
		{C4AB109B-F3FC-42D6-B95D-40BF04B2B61B}.Release|Any CPU.ActiveCfg = Release|Any CPU
		{C4AB109B-F3FC-42D6-B95D-40BF04B2B61B}.Release|Any CPU.Build.0 = Release|Any CPU
	EndGlobalSection
EndGlobal
